// !$*UTF8*$!
{
	archiveVersion = 1;
	classes = {
	};
	objectVersion = 56;
	objects = {

/* Begin PBXBuildFile section */
		B58B34122D2B1CA800ADB39C /* SwiftulFirebaseBootcampApp.swift in Sources */ = {isa = PBXBuildFile; fileRef = B58B34112D2B1CA800ADB39C /* SwiftulFirebaseBootcampApp.swift */; };
		B58B34142D2B1CA800ADB39C /* ContentView.swift in Sources */ = {isa = PBXBuildFile; fileRef = B58B34132D2B1CA800ADB39C /* ContentView.swift */; };
		B58B34162D2B1CA900ADB39C /* Assets.xcassets in Resources */ = {isa = PBXBuildFile; fileRef = B58B34152D2B1CA900ADB39C /* Assets.xcassets */; };
		B58B34192D2B1CA900ADB39C /* Preview Assets.xcassets in Resources */ = {isa = PBXBuildFile; fileRef = B58B34182D2B1CA900ADB39C /* Preview Assets.xcassets */; };
		B58B34232D2B206B00ADB39C /* FirebaseAnalytics in Frameworks */ = {isa = PBXBuildFile; productRef = B58B34222D2B206B00ADB39C /* FirebaseAnalytics */; };
		B58B34262D2B237D00ADB39C /* FirebaseAuth in Frameworks */ = {isa = PBXBuildFile; productRef = B58B34252D2B237D00ADB39C /* FirebaseAuth */; };
		B58B34292D2B23E100ADB39C /* AuthenticationView.swift in Sources */ = {isa = PBXBuildFile; fileRef = B58B34282D2B23E100ADB39C /* AuthenticationView.swift */; };
		B58B342B2D2B247000ADB39C /* SignInEmailView.swift in Sources */ = {isa = PBXBuildFile; fileRef = B58B342A2D2B247000ADB39C /* SignInEmailView.swift */; };
		B58B342D2D2B254100ADB39C /* AuthenticationManager.swift in Sources */ = {isa = PBXBuildFile; fileRef = B58B342C2D2B254100ADB39C /* AuthenticationManager.swift */; };
		B58B342F2D2B287F00ADB39C /* RootView.swift in Sources */ = {isa = PBXBuildFile; fileRef = B58B342E2D2B287F00ADB39C /* RootView.swift */; };
		B58B34312D2B29CD00ADB39C /* SettingsView.swift in Sources */ = {isa = PBXBuildFile; fileRef = B58B34302D2B29CD00ADB39C /* SettingsView.swift */; };
		B58B34342D2D052500ADB39C /* GoogleSignIn in Frameworks */ = {isa = PBXBuildFile; productRef = B58B34332D2D052500ADB39C /* GoogleSignIn */; };
		B58B34362D2D052500ADB39C /* GoogleSignInSwift in Frameworks */ = {isa = PBXBuildFile; productRef = B58B34352D2D052500ADB39C /* GoogleSignInSwift */; };
		B58B34392D2D058300ADB39C /* GoogleService-Info.plist in Resources */ = {isa = PBXBuildFile; fileRef = B58B34382D2D058300ADB39C /* GoogleService-Info.plist */; };
		B58B343C2D2D078400ADB39C /* Utilities.swift in Sources */ = {isa = PBXBuildFile; fileRef = B58B343B2D2D078400ADB39C /* Utilities.swift */; };
		B58B343E2D2D174200ADB39C /* SignInGoogleHelper.swift in Sources */ = {isa = PBXBuildFile; fileRef = B58B343D2D2D174200ADB39C /* SignInGoogleHelper.swift */; };
		B58B34412D2F252A00ADB39C /* SingInAppleHelper.swift in Sources */ = {isa = PBXBuildFile; fileRef = B58B34402D2F252900ADB39C /* SingInAppleHelper.swift */; };
		B58B34432D314DEB00ADB39C /* FirebaseFirestore in Frameworks */ = {isa = PBXBuildFile; productRef = B58B34422D314DEB00ADB39C /* FirebaseFirestore */; };
		B58B34472D314E9E00ADB39C /* SettingsViewModel.swift in Sources */ = {isa = PBXBuildFile; fileRef = B58B34462D314E9E00ADB39C /* SettingsViewModel.swift */; };
		B58B344A2D314EE700ADB39C /* AuthenticationViewModel.swift in Sources */ = {isa = PBXBuildFile; fileRef = B58B34492D314EE700ADB39C /* AuthenticationViewModel.swift */; };
		B58B344D2D314F8E00ADB39C /* SignInEmailViewModel.swift in Sources */ = {isa = PBXBuildFile; fileRef = B58B344C2D314F8E00ADB39C /* SignInEmailViewModel.swift */; };
		B58B34502D314FC600ADB39C /* ProfileView.swift in Sources */ = {isa = PBXBuildFile; fileRef = B58B344F2D314FC600ADB39C /* ProfileView.swift */; };
		B58B34532D3152AB00ADB39C /* UserManager.swift in Sources */ = {isa = PBXBuildFile; fileRef = B58B34522D3152AB00ADB39C /* UserManager.swift */; };
		B5B6A6D82D329B4800B6ABC5 /* ProductsDatabase.swift in Sources */ = {isa = PBXBuildFile; fileRef = B5B6A6D72D329B4800B6ABC5 /* ProductsDatabase.swift */; };
		B5B6A6DB2D329B7400B6ABC5 /* ProductsView.swift in Sources */ = {isa = PBXBuildFile; fileRef = B5B6A6DA2D329B7400B6ABC5 /* ProductsView.swift */; };
		B5B6A6DD2D329DD700B6ABC5 /* ProductsManager.swift in Sources */ = {isa = PBXBuildFile; fileRef = B5B6A6DC2D329DD700B6ABC5 /* ProductsManager.swift */; };
		B5B6A6E02D32A5F700B6ABC5 /* ProductCellView.swift in Sources */ = {isa = PBXBuildFile; fileRef = B5B6A6DF2D32A5F700B6ABC5 /* ProductCellView.swift */; };
		B5B6A6E32D34EC4B00B6ABC5 /* TabbarView.swift in Sources */ = {isa = PBXBuildFile; fileRef = B5B6A6E22D34EC4B00B6ABC5 /* TabbarView.swift */; };
		B5B6A6E62D34ED8900B6ABC5 /* FavoriteView.swift in Sources */ = {isa = PBXBuildFile; fileRef = B5B6A6E52D34ED8900B6ABC5 /* FavoriteView.swift */; };
		B5B6A6E82D35060900B6ABC5 /* ProductCellViewBuilder.swift in Sources */ = {isa = PBXBuildFile; fileRef = B5B6A6E72D35060900B6ABC5 /* ProductCellViewBuilder.swift */; };
		B5B6A6EB2D35B8C400B6ABC5 /* Query+EXT.swift in Sources */ = {isa = PBXBuildFile; fileRef = B5B6A6EA2D35B8C400B6ABC5 /* Query+EXT.swift */; };
		B5B6A6EF2D35B92200B6ABC5 /* OnFirstAppearViewModifier.swift in Sources */ = {isa = PBXBuildFile; fileRef = B5B6A6EE2D35B92200B6ABC5 /* OnFirstAppearViewModifier.swift */; };
		B5B6A6F12D35B95000B6ABC5 /* FavoriteViewModel.swift in Sources */ = {isa = PBXBuildFile; fileRef = B5B6A6F02D35B95000B6ABC5 /* FavoriteViewModel.swift */; };
		B5B6A6F32D35B97D00B6ABC5 /* ProductsViewModel.swift in Sources */ = {isa = PBXBuildFile; fileRef = B5B6A6F22D35B97D00B6ABC5 /* ProductsViewModel.swift */; };
		B5B6A6F52D38DED700B6ABC5 /* FirebaseCrashlytics in Frameworks */ = {isa = PBXBuildFile; productRef = B5B6A6F42D38DED700B6ABC5 /* FirebaseCrashlytics */; };
		B5B6A6F92D38E0BD00B6ABC5 /* CrashView.swift in Sources */ = {isa = PBXBuildFile; fileRef = B5B6A6F82D38E0BD00B6ABC5 /* CrashView.swift */; };
		B5B6A6FB2D3A79F200B6ABC5 /* FirebasePerformance in Frameworks */ = {isa = PBXBuildFile; productRef = B5B6A6FA2D3A79F200B6ABC5 /* FirebasePerformance */; };
		B5B6A6FE2D3A7A5F00B6ABC5 /* PerformanceView.swift in Sources */ = {isa = PBXBuildFile; fileRef = B5B6A6FD2D3A7A5F00B6ABC5 /* PerformanceView.swift */; };
/* End PBXBuildFile section */

/* Begin PBXFileReference section */
		B58B340E2D2B1CA800ADB39C /* SwiftulFirebaseBootcamp.app */ = {isa = PBXFileReference; explicitFileType = wrapper.application; includeInIndex = 0; path = SwiftulFirebaseBootcamp.app; sourceTree = BUILT_PRODUCTS_DIR; };
		B58B34112D2B1CA800ADB39C /* SwiftulFirebaseBootcampApp.swift */ = {isa = PBXFileReference; lastKnownFileType = sourcecode.swift; path = SwiftulFirebaseBootcampApp.swift; sourceTree = "<group>"; };
		B58B34132D2B1CA800ADB39C /* ContentView.swift */ = {isa = PBXFileReference; lastKnownFileType = sourcecode.swift; path = ContentView.swift; sourceTree = "<group>"; };
		B58B34152D2B1CA900ADB39C /* Assets.xcassets */ = {isa = PBXFileReference; lastKnownFileType = folder.assetcatalog; path = Assets.xcassets; sourceTree = "<group>"; };
		B58B34182D2B1CA900ADB39C /* Preview Assets.xcassets */ = {isa = PBXFileReference; lastKnownFileType = folder.assetcatalog; path = "Preview Assets.xcassets"; sourceTree = "<group>"; };
		B58B34282D2B23E100ADB39C /* AuthenticationView.swift */ = {isa = PBXFileReference; lastKnownFileType = sourcecode.swift; path = AuthenticationView.swift; sourceTree = "<group>"; };
		B58B342A2D2B247000ADB39C /* SignInEmailView.swift */ = {isa = PBXFileReference; lastKnownFileType = sourcecode.swift; path = SignInEmailView.swift; sourceTree = "<group>"; };
		B58B342C2D2B254100ADB39C /* AuthenticationManager.swift */ = {isa = PBXFileReference; lastKnownFileType = sourcecode.swift; path = AuthenticationManager.swift; sourceTree = "<group>"; };
		B58B342E2D2B287F00ADB39C /* RootView.swift */ = {isa = PBXFileReference; lastKnownFileType = sourcecode.swift; path = RootView.swift; sourceTree = "<group>"; };
		B58B34302D2B29CD00ADB39C /* SettingsView.swift */ = {isa = PBXFileReference; lastKnownFileType = sourcecode.swift; path = SettingsView.swift; sourceTree = "<group>"; };
		B58B34372D2D055500ADB39C /* Info.plist */ = {isa = PBXFileReference; lastKnownFileType = text.plist; path = Info.plist; sourceTree = "<group>"; };
		B58B34382D2D058300ADB39C /* GoogleService-Info.plist */ = {isa = PBXFileReference; fileEncoding = 4; lastKnownFileType = text.plist.xml; path = "GoogleService-Info.plist"; sourceTree = "<group>"; };
		B58B343B2D2D078400ADB39C /* Utilities.swift */ = {isa = PBXFileReference; lastKnownFileType = sourcecode.swift; path = Utilities.swift; sourceTree = "<group>"; };
		B58B343D2D2D174200ADB39C /* SignInGoogleHelper.swift */ = {isa = PBXFileReference; lastKnownFileType = sourcecode.swift; path = SignInGoogleHelper.swift; sourceTree = "<group>"; };
		B58B343F2D2F1AC700ADB39C /* SwiftulFirebaseBootcamp.entitlements */ = {isa = PBXFileReference; lastKnownFileType = text.plist.entitlements; path = SwiftulFirebaseBootcamp.entitlements; sourceTree = "<group>"; };
		B58B34402D2F252900ADB39C /* SingInAppleHelper.swift */ = {isa = PBXFileReference; lastKnownFileType = sourcecode.swift; path = SingInAppleHelper.swift; sourceTree = "<group>"; };
		B58B34462D314E9E00ADB39C /* SettingsViewModel.swift */ = {isa = PBXFileReference; lastKnownFileType = sourcecode.swift; path = SettingsViewModel.swift; sourceTree = "<group>"; };
		B58B34492D314EE700ADB39C /* AuthenticationViewModel.swift */ = {isa = PBXFileReference; lastKnownFileType = sourcecode.swift; path = AuthenticationViewModel.swift; sourceTree = "<group>"; };
		B58B344C2D314F8E00ADB39C /* SignInEmailViewModel.swift */ = {isa = PBXFileReference; lastKnownFileType = sourcecode.swift; path = SignInEmailViewModel.swift; sourceTree = "<group>"; };
		B58B344F2D314FC600ADB39C /* ProfileView.swift */ = {isa = PBXFileReference; lastKnownFileType = sourcecode.swift; path = ProfileView.swift; sourceTree = "<group>"; };
		B58B34522D3152AB00ADB39C /* UserManager.swift */ = {isa = PBXFileReference; lastKnownFileType = sourcecode.swift; path = UserManager.swift; sourceTree = "<group>"; };
		B5B6A6D72D329B4800B6ABC5 /* ProductsDatabase.swift */ = {isa = PBXFileReference; lastKnownFileType = sourcecode.swift; path = ProductsDatabase.swift; sourceTree = "<group>"; };
		B5B6A6DA2D329B7400B6ABC5 /* ProductsView.swift */ = {isa = PBXFileReference; lastKnownFileType = sourcecode.swift; path = ProductsView.swift; sourceTree = "<group>"; };
		B5B6A6DC2D329DD700B6ABC5 /* ProductsManager.swift */ = {isa = PBXFileReference; lastKnownFileType = sourcecode.swift; path = ProductsManager.swift; sourceTree = "<group>"; };
		B5B6A6DF2D32A5F700B6ABC5 /* ProductCellView.swift */ = {isa = PBXFileReference; lastKnownFileType = sourcecode.swift; path = ProductCellView.swift; sourceTree = "<group>"; };
		B5B6A6E22D34EC4B00B6ABC5 /* TabbarView.swift */ = {isa = PBXFileReference; lastKnownFileType = sourcecode.swift; path = TabbarView.swift; sourceTree = "<group>"; };
		B5B6A6E52D34ED8900B6ABC5 /* FavoriteView.swift */ = {isa = PBXFileReference; lastKnownFileType = sourcecode.swift; path = FavoriteView.swift; sourceTree = "<group>"; };
		B5B6A6E72D35060900B6ABC5 /* ProductCellViewBuilder.swift */ = {isa = PBXFileReference; lastKnownFileType = sourcecode.swift; path = ProductCellViewBuilder.swift; sourceTree = "<group>"; };
		B5B6A6EA2D35B8C400B6ABC5 /* Query+EXT.swift */ = {isa = PBXFileReference; lastKnownFileType = sourcecode.swift; path = "Query+EXT.swift"; sourceTree = "<group>"; };
		B5B6A6EE2D35B92200B6ABC5 /* OnFirstAppearViewModifier.swift */ = {isa = PBXFileReference; lastKnownFileType = sourcecode.swift; path = OnFirstAppearViewModifier.swift; sourceTree = "<group>"; };
		B5B6A6F02D35B95000B6ABC5 /* FavoriteViewModel.swift */ = {isa = PBXFileReference; lastKnownFileType = sourcecode.swift; path = FavoriteViewModel.swift; sourceTree = "<group>"; };
		B5B6A6F22D35B97D00B6ABC5 /* ProductsViewModel.swift */ = {isa = PBXFileReference; lastKnownFileType = sourcecode.swift; path = ProductsViewModel.swift; sourceTree = "<group>"; };
		B5B6A6F82D38E0BD00B6ABC5 /* CrashView.swift */ = {isa = PBXFileReference; lastKnownFileType = sourcecode.swift; path = CrashView.swift; sourceTree = "<group>"; };
		B5B6A6FD2D3A7A5F00B6ABC5 /* PerformanceView.swift */ = {isa = PBXFileReference; lastKnownFileType = sourcecode.swift; path = PerformanceView.swift; sourceTree = "<group>"; };
/* End PBXFileReference section */

/* Begin PBXFrameworksBuildPhase section */
		B58B340B2D2B1CA800ADB39C /* Frameworks */ = {
			isa = PBXFrameworksBuildPhase;
			buildActionMask = 2147483647;
			files = (
				B5B6A6FB2D3A79F200B6ABC5 /* FirebasePerformance in Frameworks */,
				B58B34232D2B206B00ADB39C /* FirebaseAnalytics in Frameworks */,
				B58B34262D2B237D00ADB39C /* FirebaseAuth in Frameworks */,
				B58B34342D2D052500ADB39C /* GoogleSignIn in Frameworks */,
				B5B6A6F52D38DED700B6ABC5 /* FirebaseCrashlytics in Frameworks */,
				B58B34432D314DEB00ADB39C /* FirebaseFirestore in Frameworks */,
				B58B34362D2D052500ADB39C /* GoogleSignInSwift in Frameworks */,
			);
			runOnlyForDeploymentPostprocessing = 0;
		};
/* End PBXFrameworksBuildPhase section */

/* Begin PBXGroup section */
		B58B34052D2B1CA800ADB39C = {
			isa = PBXGroup;
			children = (
				B58B34102D2B1CA800ADB39C /* SwiftulFirebaseBootcamp */,
				B58B340F2D2B1CA800ADB39C /* Products */,
				B58B34242D2B237D00ADB39C /* Frameworks */,
			);
			sourceTree = "<group>";
		};
		B58B340F2D2B1CA800ADB39C /* Products */ = {
			isa = PBXGroup;
			children = (
				B58B340E2D2B1CA800ADB39C /* SwiftulFirebaseBootcamp.app */,
			);
			name = Products;
			sourceTree = "<group>";
		};
		B58B34102D2B1CA800ADB39C /* SwiftulFirebaseBootcamp */ = {
			isa = PBXGroup;
			children = (
				B5B6A6FC2D3A7A0D00B6ABC5 /* Performance */,
				B5B6A6F72D38E0A800B6ABC5 /* Crashlytics */,
				B5B6A6EC2D35B8FB00B6ABC5 /* Components */,
				B5B6A6E92D35B8A500B6ABC5 /* Extensions */,
				B5B6A6D92D329B6800B6ABC5 /* Products */,
				B58B34512D31529800ADB39C /* Firestore */,
				B58B343F2D2F1AC700ADB39C /* SwiftulFirebaseBootcamp.entitlements */,
				B58B343A2D2D077600ADB39C /* Utilities */,
				B58B34372D2D055500ADB39C /* Info.plist */,
				B58B34442D314E5400ADB39C /* Core */,
				B58B34272D2B23CF00ADB39C /* Authentication */,
				B58B34112D2B1CA800ADB39C /* SwiftulFirebaseBootcampApp.swift */,
				B58B34132D2B1CA800ADB39C /* ContentView.swift */,
				B58B34382D2D058300ADB39C /* GoogleService-Info.plist */,
				B58B34172D2B1CA900ADB39C /* Preview Content */,
			);
			path = SwiftulFirebaseBootcamp;
			sourceTree = "<group>";
		};
		B58B34172D2B1CA900ADB39C /* Preview Content */ = {
			isa = PBXGroup;
			children = (
				B58B34152D2B1CA900ADB39C /* Assets.xcassets */,
				B58B34182D2B1CA900ADB39C /* Preview Assets.xcassets */,
			);
			path = "Preview Content";
			sourceTree = "<group>";
		};
		B58B34242D2B237D00ADB39C /* Frameworks */ = {
			isa = PBXGroup;
			children = (
			);
			name = Frameworks;
			sourceTree = "<group>";
		};
		B58B34272D2B23CF00ADB39C /* Authentication */ = {
			isa = PBXGroup;
			children = (
				B58B342C2D2B254100ADB39C /* AuthenticationManager.swift */,
				B58B343D2D2D174200ADB39C /* SignInGoogleHelper.swift */,
				B58B34402D2F252900ADB39C /* SingInAppleHelper.swift */,
			);
			path = Authentication;
			sourceTree = "<group>";
		};
		B58B343A2D2D077600ADB39C /* Utilities */ = {
			isa = PBXGroup;
			children = (
				B58B343B2D2D078400ADB39C /* Utilities.swift */,
				B5B6A6D72D329B4800B6ABC5 /* ProductsDatabase.swift */,
			);
			path = Utilities;
			sourceTree = "<group>";
		};
		B58B34442D314E5400ADB39C /* Core */ = {
			isa = PBXGroup;
			children = (
				B5B6A6E42D34ED7200B6ABC5 /* Favorites */,
				B5B6A6E12D34EC3800B6ABC5 /* Tabbar */,
				B58B344E2D314FB500ADB39C /* Profile */,
				B58B34482D314ECD00ADB39C /* Authentication */,
				B58B34452D314E8800ADB39C /* Settings */,
				B58B342E2D2B287F00ADB39C /* RootView.swift */,
			);
			path = Core;
			sourceTree = "<group>";
		};
		B58B34452D314E8800ADB39C /* Settings */ = {
			isa = PBXGroup;
			children = (
				B58B34302D2B29CD00ADB39C /* SettingsView.swift */,
				B58B34462D314E9E00ADB39C /* SettingsViewModel.swift */,
			);
			path = Settings;
			sourceTree = "<group>";
		};
		B58B34482D314ECD00ADB39C /* Authentication */ = {
			isa = PBXGroup;
			children = (
				B58B344B2D314F4C00ADB39C /* Subviews */,
				B58B34282D2B23E100ADB39C /* AuthenticationView.swift */,
				B58B34492D314EE700ADB39C /* AuthenticationViewModel.swift */,
			);
			path = Authentication;
			sourceTree = "<group>";
		};
		B58B344B2D314F4C00ADB39C /* Subviews */ = {
			isa = PBXGroup;
			children = (
				B58B342A2D2B247000ADB39C /* SignInEmailView.swift */,
				B58B344C2D314F8E00ADB39C /* SignInEmailViewModel.swift */,
			);
			path = Subviews;
			sourceTree = "<group>";
		};
		B58B344E2D314FB500ADB39C /* Profile */ = {
			isa = PBXGroup;
			children = (
				B58B344F2D314FC600ADB39C /* ProfileView.swift */,
			);
			path = Profile;
			sourceTree = "<group>";
		};
		B58B34512D31529800ADB39C /* Firestore */ = {
			isa = PBXGroup;
			children = (
				B58B34522D3152AB00ADB39C /* UserManager.swift */,
				B5B6A6DC2D329DD700B6ABC5 /* ProductsManager.swift */,
			);
			path = Firestore;
			sourceTree = "<group>";
		};
		B5B6A6D92D329B6800B6ABC5 /* Products */ = {
			isa = PBXGroup;
			children = (
				B5B6A6DE2D32A5E600B6ABC5 /* Subviews */,
				B5B6A6DA2D329B7400B6ABC5 /* ProductsView.swift */,
				B5B6A6F22D35B97D00B6ABC5 /* ProductsViewModel.swift */,
			);
			path = Products;
			sourceTree = "<group>";
		};
		B5B6A6DE2D32A5E600B6ABC5 /* Subviews */ = {
			isa = PBXGroup;
			children = (
				B5B6A6DF2D32A5F700B6ABC5 /* ProductCellView.swift */,
				B5B6A6E72D35060900B6ABC5 /* ProductCellViewBuilder.swift */,
			);
			path = Subviews;
			sourceTree = "<group>";
		};
		B5B6A6E12D34EC3800B6ABC5 /* Tabbar */ = {
			isa = PBXGroup;
			children = (
				B5B6A6E22D34EC4B00B6ABC5 /* TabbarView.swift */,
			);
			path = Tabbar;
			sourceTree = "<group>";
		};
		B5B6A6E42D34ED7200B6ABC5 /* Favorites */ = {
			isa = PBXGroup;
			children = (
				B5B6A6E52D34ED8900B6ABC5 /* FavoriteView.swift */,
				B5B6A6F02D35B95000B6ABC5 /* FavoriteViewModel.swift */,
			);
			path = Favorites;
			sourceTree = "<group>";
		};
		B5B6A6E92D35B8A500B6ABC5 /* Extensions */ = {
			isa = PBXGroup;
			children = (
				B5B6A6EA2D35B8C400B6ABC5 /* Query+EXT.swift */,
			);
			path = Extensions;
			sourceTree = "<group>";
		};
		B5B6A6EC2D35B8FB00B6ABC5 /* Components */ = {
			isa = PBXGroup;
			children = (
				B5B6A6ED2D35B90400B6ABC5 /* VIewModifiers */,
			);
			path = Components;
			sourceTree = "<group>";
		};
		B5B6A6ED2D35B90400B6ABC5 /* VIewModifiers */ = {
			isa = PBXGroup;
			children = (
				B5B6A6EE2D35B92200B6ABC5 /* OnFirstAppearViewModifier.swift */,
			);
			path = VIewModifiers;
			sourceTree = "<group>";
		};
		B5B6A6F72D38E0A800B6ABC5 /* Crashlytics */ = {
			isa = PBXGroup;
			children = (
				B5B6A6F82D38E0BD00B6ABC5 /* CrashView.swift */,
			);
			path = Crashlytics;
			sourceTree = "<group>";
		};
		B5B6A6FC2D3A7A0D00B6ABC5 /* Performance */ = {
			isa = PBXGroup;
			children = (
				B5B6A6FD2D3A7A5F00B6ABC5 /* PerformanceView.swift */,
			);
			path = Performance;
			sourceTree = "<group>";
		};
/* End PBXGroup section */

/* Begin PBXNativeTarget section */
		B58B340D2D2B1CA800ADB39C /* SwiftulFirebaseBootcamp */ = {
			isa = PBXNativeTarget;
			buildConfigurationList = B58B341C2D2B1CA900ADB39C /* Build configuration list for PBXNativeTarget "SwiftulFirebaseBootcamp" */;
			buildPhases = (
				B58B340A2D2B1CA800ADB39C /* Sources */,
				B58B340B2D2B1CA800ADB39C /* Frameworks */,
				B58B340C2D2B1CA800ADB39C /* Resources */,
				B5B6A6F62D38DF5200B6ABC5 /* ShellScript */,
			);
			buildRules = (
			);
			dependencies = (
			);
			name = SwiftulFirebaseBootcamp;
			packageProductDependencies = (
				B58B34222D2B206B00ADB39C /* FirebaseAnalytics */,
				B58B34252D2B237D00ADB39C /* FirebaseAuth */,
				B58B34332D2D052500ADB39C /* GoogleSignIn */,
				B58B34352D2D052500ADB39C /* GoogleSignInSwift */,
				B58B34422D314DEB00ADB39C /* FirebaseFirestore */,
				B5B6A6F42D38DED700B6ABC5 /* FirebaseCrashlytics */,
				B5B6A6FA2D3A79F200B6ABC5 /* FirebasePerformance */,
			);
			productName = SwiftulFirebaseBootcamp;
			productReference = B58B340E2D2B1CA800ADB39C /* SwiftulFirebaseBootcamp.app */;
			productType = "com.apple.product-type.application";
		};
/* End PBXNativeTarget section */

/* Begin PBXProject section */
		B58B34062D2B1CA800ADB39C /* Project object */ = {
			isa = PBXProject;
			attributes = {
				BuildIndependentTargetsInParallel = 1;
				LastSwiftUpdateCheck = 1540;
				LastUpgradeCheck = 1540;
				TargetAttributes = {
					B58B340D2D2B1CA800ADB39C = {
						CreatedOnToolsVersion = 15.4;
					};
				};
			};
			buildConfigurationList = B58B34092D2B1CA800ADB39C /* Build configuration list for PBXProject "SwiftulFirebaseBootcamp" */;
			compatibilityVersion = "Xcode 14.0";
			developmentRegion = en;
			hasScannedForEncodings = 0;
			knownRegions = (
				en,
				Base,
			);
			mainGroup = B58B34052D2B1CA800ADB39C;
			packageReferences = (
				B58B34212D2B206B00ADB39C /* XCRemoteSwiftPackageReference "firebase-ios-sdk" */,
				B58B34322D2D052500ADB39C /* XCRemoteSwiftPackageReference "GoogleSignIn-iOS" */,
			);
			productRefGroup = B58B340F2D2B1CA800ADB39C /* Products */;
			projectDirPath = "";
			projectRoot = "";
			targets = (
				B58B340D2D2B1CA800ADB39C /* SwiftulFirebaseBootcamp */,
			);
		};
/* End PBXProject section */

/* Begin PBXResourcesBuildPhase section */
		B58B340C2D2B1CA800ADB39C /* Resources */ = {
			isa = PBXResourcesBuildPhase;
			buildActionMask = 2147483647;
			files = (
				B58B34392D2D058300ADB39C /* GoogleService-Info.plist in Resources */,
				B58B34192D2B1CA900ADB39C /* Preview Assets.xcassets in Resources */,
				B58B34162D2B1CA900ADB39C /* Assets.xcassets in Resources */,
			);
			runOnlyForDeploymentPostprocessing = 0;
		};
/* End PBXResourcesBuildPhase section */

/* Begin PBXShellScriptBuildPhase section */
		B5B6A6F62D38DF5200B6ABC5 /* ShellScript */ = {
			isa = PBXShellScriptBuildPhase;
			buildActionMask = 2147483647;
			files = (
			);
			inputFileListPaths = (
			);
			inputPaths = (
				"${DWARF_DSYM_FOLDER_PATH}/${DWARF_DSYM_FILE_NAME}",
				"${DWARF_DSYM_FOLDER_PATH}/${DWARF_DSYM_FILE_NAME}/Contents/Resources/DWARF/${PRODUCT_NAME}",
				"${DWARF_DSYM_FOLDER_PATH}/${DWARF_DSYM_FILE_NAME}/Contents/Info.plist",
				"$(TARGET_BUILD_DIR)/$(UNLOCALIZED_RESOURCES_FOLDER_PATH)/GoogleService-Info.plist",
				"$(TARGET_BUILD_DIR)/$(EXECUTABLE_PATH)",
			);
			outputFileListPaths = (
			);
			outputPaths = (
			);
			runOnlyForDeploymentPostprocessing = 0;
			shellPath = /bin/sh;
			shellScript = "# Type a script or drag a script file from your workspace to insert its path.\n\"${BUILD_DIR%/Build/*}/SourcePackages/checkouts/firebase-ios-sdk/Crashlytics/run\"\n";
		};
/* End PBXShellScriptBuildPhase section */

/* Begin PBXSourcesBuildPhase section */
		B58B340A2D2B1CA800ADB39C /* Sources */ = {
			isa = PBXSourcesBuildPhase;
			buildActionMask = 2147483647;
			files = (
				B58B344A2D314EE700ADB39C /* AuthenticationViewModel.swift in Sources */,
				B58B34312D2B29CD00ADB39C /* SettingsView.swift in Sources */,
				B5B6A6E02D32A5F700B6ABC5 /* ProductCellView.swift in Sources */,
				B58B34142D2B1CA800ADB39C /* ContentView.swift in Sources */,
				B58B34532D3152AB00ADB39C /* UserManager.swift in Sources */,
				B58B34412D2F252A00ADB39C /* SingInAppleHelper.swift in Sources */,
				B58B34122D2B1CA800ADB39C /* SwiftulFirebaseBootcampApp.swift in Sources */,
				B58B344D2D314F8E00ADB39C /* SignInEmailViewModel.swift in Sources */,
				B5B6A6F12D35B95000B6ABC5 /* FavoriteViewModel.swift in Sources */,
				B5B6A6FE2D3A7A5F00B6ABC5 /* PerformanceView.swift in Sources */,
				B5B6A6DD2D329DD700B6ABC5 /* ProductsManager.swift in Sources */,
				B58B342F2D2B287F00ADB39C /* RootView.swift in Sources */,
				B58B343E2D2D174200ADB39C /* SignInGoogleHelper.swift in Sources */,
				B58B34292D2B23E100ADB39C /* AuthenticationView.swift in Sources */,
				B5B6A6D82D329B4800B6ABC5 /* ProductsDatabase.swift in Sources */,
				B58B342D2D2B254100ADB39C /* AuthenticationManager.swift in Sources */,
				B5B6A6DB2D329B7400B6ABC5 /* ProductsView.swift in Sources */,
				B5B6A6F32D35B97D00B6ABC5 /* ProductsViewModel.swift in Sources */,
				B58B34472D314E9E00ADB39C /* SettingsViewModel.swift in Sources */,
				B5B6A6E62D34ED8900B6ABC5 /* FavoriteView.swift in Sources */,
				B58B343C2D2D078400ADB39C /* Utilities.swift in Sources */,
				B5B6A6F92D38E0BD00B6ABC5 /* CrashView.swift in Sources */,
				B5B6A6EF2D35B92200B6ABC5 /* OnFirstAppearViewModifier.swift in Sources */,
				B5B6A6E82D35060900B6ABC5 /* ProductCellViewBuilder.swift in Sources */,
				B58B34502D314FC600ADB39C /* ProfileView.swift in Sources */,
				B5B6A6E32D34EC4B00B6ABC5 /* TabbarView.swift in Sources */,
				B58B342B2D2B247000ADB39C /* SignInEmailView.swift in Sources */,
				B5B6A6EB2D35B8C400B6ABC5 /* Query+EXT.swift in Sources */,
			);
			runOnlyForDeploymentPostprocessing = 0;
		};
/* End PBXSourcesBuildPhase section */

/* Begin XCBuildConfiguration section */
		B58B341A2D2B1CA900ADB39C /* Debug */ = {
			isa = XCBuildConfiguration;
			buildSettings = {
				ALWAYS_SEARCH_USER_PATHS = NO;
				ASSETCATALOG_COMPILER_GENERATE_SWIFT_ASSET_SYMBOL_EXTENSIONS = YES;
				CLANG_ANALYZER_NONNULL = YES;
				CLANG_ANALYZER_NUMBER_OBJECT_CONVERSION = YES_AGGRESSIVE;
				CLANG_CXX_LANGUAGE_STANDARD = "gnu++20";
				CLANG_ENABLE_MODULES = YES;
				CLANG_ENABLE_OBJC_ARC = YES;
				CLANG_ENABLE_OBJC_WEAK = YES;
				CLANG_WARN_BLOCK_CAPTURE_AUTORELEASING = YES;
				CLANG_WARN_BOOL_CONVERSION = YES;
				CLANG_WARN_COMMA = YES;
				CLANG_WARN_CONSTANT_CONVERSION = YES;
				CLANG_WARN_DEPRECATED_OBJC_IMPLEMENTATIONS = YES;
				CLANG_WARN_DIRECT_OBJC_ISA_USAGE = YES_ERROR;
				CLANG_WARN_DOCUMENTATION_COMMENTS = YES;
				CLANG_WARN_EMPTY_BODY = YES;
				CLANG_WARN_ENUM_CONVERSION = YES;
				CLANG_WARN_INFINITE_RECURSION = YES;
				CLANG_WARN_INT_CONVERSION = YES;
				CLANG_WARN_NON_LITERAL_NULL_CONVERSION = YES;
				CLANG_WARN_OBJC_IMPLICIT_RETAIN_SELF = YES;
				CLANG_WARN_OBJC_LITERAL_CONVERSION = YES;
				CLANG_WARN_OBJC_ROOT_CLASS = YES_ERROR;
				CLANG_WARN_QUOTED_INCLUDE_IN_FRAMEWORK_HEADER = YES;
				CLANG_WARN_RANGE_LOOP_ANALYSIS = YES;
				CLANG_WARN_STRICT_PROTOTYPES = YES;
				CLANG_WARN_SUSPICIOUS_MOVE = YES;
				CLANG_WARN_UNGUARDED_AVAILABILITY = YES_AGGRESSIVE;
				CLANG_WARN_UNREACHABLE_CODE = YES;
				CLANG_WARN__DUPLICATE_METHOD_MATCH = YES;
				COPY_PHASE_STRIP = NO;
				DEBUG_INFORMATION_FORMAT = "dwarf-with-dsym";
				ENABLE_STRICT_OBJC_MSGSEND = YES;
				ENABLE_TESTABILITY = YES;
				ENABLE_USER_SCRIPT_SANDBOXING = YES;
				GCC_C_LANGUAGE_STANDARD = gnu17;
				GCC_DYNAMIC_NO_PIC = NO;
				GCC_NO_COMMON_BLOCKS = YES;
				GCC_OPTIMIZATION_LEVEL = 0;
				GCC_PREPROCESSOR_DEFINITIONS = (
					"DEBUG=1",
					"$(inherited)",
				);
				GCC_WARN_64_TO_32_BIT_CONVERSION = YES;
				GCC_WARN_ABOUT_RETURN_TYPE = YES_ERROR;
				GCC_WARN_UNDECLARED_SELECTOR = YES;
				GCC_WARN_UNINITIALIZED_AUTOS = YES_AGGRESSIVE;
				GCC_WARN_UNUSED_FUNCTION = YES;
				GCC_WARN_UNUSED_VARIABLE = YES;
				IPHONEOS_DEPLOYMENT_TARGET = 17.5;
				LOCALIZATION_PREFERS_STRING_CATALOGS = YES;
				MTL_ENABLE_DEBUG_INFO = INCLUDE_SOURCE;
				MTL_FAST_MATH = YES;
				ONLY_ACTIVE_ARCH = YES;
				SDKROOT = iphoneos;
				SWIFT_ACTIVE_COMPILATION_CONDITIONS = "DEBUG $(inherited)";
				SWIFT_OPTIMIZATION_LEVEL = "-Onone";
			};
			name = Debug;
		};
		B58B341B2D2B1CA900ADB39C /* Release */ = {
			isa = XCBuildConfiguration;
			buildSettings = {
				ALWAYS_SEARCH_USER_PATHS = NO;
				ASSETCATALOG_COMPILER_GENERATE_SWIFT_ASSET_SYMBOL_EXTENSIONS = YES;
				CLANG_ANALYZER_NONNULL = YES;
				CLANG_ANALYZER_NUMBER_OBJECT_CONVERSION = YES_AGGRESSIVE;
				CLANG_CXX_LANGUAGE_STANDARD = "gnu++20";
				CLANG_ENABLE_MODULES = YES;
				CLANG_ENABLE_OBJC_ARC = YES;
				CLANG_ENABLE_OBJC_WEAK = YES;
				CLANG_WARN_BLOCK_CAPTURE_AUTORELEASING = YES;
				CLANG_WARN_BOOL_CONVERSION = YES;
				CLANG_WARN_COMMA = YES;
				CLANG_WARN_CONSTANT_CONVERSION = YES;
				CLANG_WARN_DEPRECATED_OBJC_IMPLEMENTATIONS = YES;
				CLANG_WARN_DIRECT_OBJC_ISA_USAGE = YES_ERROR;
				CLANG_WARN_DOCUMENTATION_COMMENTS = YES;
				CLANG_WARN_EMPTY_BODY = YES;
				CLANG_WARN_ENUM_CONVERSION = YES;
				CLANG_WARN_INFINITE_RECURSION = YES;
				CLANG_WARN_INT_CONVERSION = YES;
				CLANG_WARN_NON_LITERAL_NULL_CONVERSION = YES;
				CLANG_WARN_OBJC_IMPLICIT_RETAIN_SELF = YES;
				CLANG_WARN_OBJC_LITERAL_CONVERSION = YES;
				CLANG_WARN_OBJC_ROOT_CLASS = YES_ERROR;
				CLANG_WARN_QUOTED_INCLUDE_IN_FRAMEWORK_HEADER = YES;
				CLANG_WARN_RANGE_LOOP_ANALYSIS = YES;
				CLANG_WARN_STRICT_PROTOTYPES = YES;
				CLANG_WARN_SUSPICIOUS_MOVE = YES;
				CLANG_WARN_UNGUARDED_AVAILABILITY = YES_AGGRESSIVE;
				CLANG_WARN_UNREACHABLE_CODE = YES;
				CLANG_WARN__DUPLICATE_METHOD_MATCH = YES;
				COPY_PHASE_STRIP = NO;
				DEBUG_INFORMATION_FORMAT = "dwarf-with-dsym";
				ENABLE_NS_ASSERTIONS = NO;
				ENABLE_STRICT_OBJC_MSGSEND = YES;
				ENABLE_USER_SCRIPT_SANDBOXING = YES;
				GCC_C_LANGUAGE_STANDARD = gnu17;
				GCC_NO_COMMON_BLOCKS = YES;
				GCC_WARN_64_TO_32_BIT_CONVERSION = YES;
				GCC_WARN_ABOUT_RETURN_TYPE = YES_ERROR;
				GCC_WARN_UNDECLARED_SELECTOR = YES;
				GCC_WARN_UNINITIALIZED_AUTOS = YES_AGGRESSIVE;
				GCC_WARN_UNUSED_FUNCTION = YES;
				GCC_WARN_UNUSED_VARIABLE = YES;
				IPHONEOS_DEPLOYMENT_TARGET = 17.5;
				LOCALIZATION_PREFERS_STRING_CATALOGS = YES;
				MTL_ENABLE_DEBUG_INFO = NO;
				MTL_FAST_MATH = YES;
				SDKROOT = iphoneos;
				SWIFT_COMPILATION_MODE = wholemodule;
				VALIDATE_PRODUCT = YES;
			};
			name = Release;
		};
		B58B341D2D2B1CA900ADB39C /* Debug */ = {
			isa = XCBuildConfiguration;
			buildSettings = {
				ASSETCATALOG_COMPILER_APPICON_NAME = AppIcon;
				ASSETCATALOG_COMPILER_GLOBAL_ACCENT_COLOR_NAME = AccentColor;
				CODE_SIGN_ENTITLEMENTS = SwiftulFirebaseBootcamp/SwiftulFirebaseBootcamp.entitlements;
				CODE_SIGN_STYLE = Automatic;
				CURRENT_PROJECT_VERSION = 1;
				DEVELOPMENT_ASSET_PATHS = "\"SwiftulFirebaseBootcamp/Preview Content\"";
				DEVELOPMENT_TEAM = 3A67A2YQSJ;
				ENABLE_PREVIEWS = YES;
				GENERATE_INFOPLIST_FILE = YES;
				INFOPLIST_FILE = SwiftulFirebaseBootcamp/Info.plist;
				INFOPLIST_KEY_UIApplicationSceneManifest_Generation = YES;
				INFOPLIST_KEY_UIApplicationSupportsIndirectInputEvents = YES;
				INFOPLIST_KEY_UILaunchScreen_Generation = YES;
				INFOPLIST_KEY_UISupportedInterfaceOrientations_iPad = "UIInterfaceOrientationPortrait UIInterfaceOrientationPortraitUpsideDown UIInterfaceOrientationLandscapeLeft UIInterfaceOrientationLandscapeRight";
				INFOPLIST_KEY_UISupportedInterfaceOrientations_iPhone = "UIInterfaceOrientationPortrait UIInterfaceOrientationLandscapeLeft UIInterfaceOrientationLandscapeRight";
				LD_RUNPATH_SEARCH_PATHS = (
					"$(inherited)",
					"@executable_path/Frameworks",
				);
				MARKETING_VERSION = 1.0;
				PRODUCT_BUNDLE_IDENTIFIER = com.toni.SwiftulFirebaseBootcamp;
				PRODUCT_NAME = "$(TARGET_NAME)";
				SWIFT_EMIT_LOC_STRINGS = YES;
				SWIFT_VERSION = 5.0;
				TARGETED_DEVICE_FAMILY = "1,2";
			};
			name = Debug;
		};
		B58B341E2D2B1CA900ADB39C /* Release */ = {
			isa = XCBuildConfiguration;
			buildSettings = {
				ASSETCATALOG_COMPILER_APPICON_NAME = AppIcon;
				ASSETCATALOG_COMPILER_GLOBAL_ACCENT_COLOR_NAME = AccentColor;
				CODE_SIGN_ENTITLEMENTS = SwiftulFirebaseBootcamp/SwiftulFirebaseBootcamp.entitlements;
				CODE_SIGN_STYLE = Automatic;
				CURRENT_PROJECT_VERSION = 1;
				DEVELOPMENT_ASSET_PATHS = "\"SwiftulFirebaseBootcamp/Preview Content\"";
				DEVELOPMENT_TEAM = 3A67A2YQSJ;
				ENABLE_PREVIEWS = YES;
				GENERATE_INFOPLIST_FILE = YES;
				INFOPLIST_FILE = SwiftulFirebaseBootcamp/Info.plist;
				INFOPLIST_KEY_UIApplicationSceneManifest_Generation = YES;
				INFOPLIST_KEY_UIApplicationSupportsIndirectInputEvents = YES;
				INFOPLIST_KEY_UILaunchScreen_Generation = YES;
				INFOPLIST_KEY_UISupportedInterfaceOrientations_iPad = "UIInterfaceOrientationPortrait UIInterfaceOrientationPortraitUpsideDown UIInterfaceOrientationLandscapeLeft UIInterfaceOrientationLandscapeRight";
				INFOPLIST_KEY_UISupportedInterfaceOrientations_iPhone = "UIInterfaceOrientationPortrait UIInterfaceOrientationLandscapeLeft UIInterfaceOrientationLandscapeRight";
				LD_RUNPATH_SEARCH_PATHS = (
					"$(inherited)",
					"@executable_path/Frameworks",
				);
				MARKETING_VERSION = 1.0;
				PRODUCT_BUNDLE_IDENTIFIER = com.toni.SwiftulFirebaseBootcamp;
				PRODUCT_NAME = "$(TARGET_NAME)";
				SWIFT_EMIT_LOC_STRINGS = YES;
				SWIFT_VERSION = 5.0;
				TARGETED_DEVICE_FAMILY = "1,2";
			};
			name = Release;
		};
/* End XCBuildConfiguration section */

/* Begin XCConfigurationList section */
		B58B34092D2B1CA800ADB39C /* Build configuration list for PBXProject "SwiftulFirebaseBootcamp" */ = {
			isa = XCConfigurationList;
			buildConfigurations = (
				B58B341A2D2B1CA900ADB39C /* Debug */,
				B58B341B2D2B1CA900ADB39C /* Release */,
			);
			defaultConfigurationIsVisible = 0;
			defaultConfigurationName = Release;
		};
		B58B341C2D2B1CA900ADB39C /* Build configuration list for PBXNativeTarget "SwiftulFirebaseBootcamp" */ = {
			isa = XCConfigurationList;
			buildConfigurations = (
				B58B341D2D2B1CA900ADB39C /* Debug */,
				B58B341E2D2B1CA900ADB39C /* Release */,
			);
			defaultConfigurationIsVisible = 0;
			defaultConfigurationName = Release;
		};
/* End XCConfigurationList section */

/* Begin XCRemoteSwiftPackageReference section */
		B58B34212D2B206B00ADB39C /* XCRemoteSwiftPackageReference "firebase-ios-sdk" */ = {
			isa = XCRemoteSwiftPackageReference;
			repositoryURL = "https://github.com/firebase/firebase-ios-sdk";
			requirement = {
				kind = upToNextMajorVersion;
				minimumVersion = 11.6.0;
			};
		};
		B58B34322D2D052500ADB39C /* XCRemoteSwiftPackageReference "GoogleSignIn-iOS" */ = {
			isa = XCRemoteSwiftPackageReference;
			repositoryURL = "https://github.com/google/GoogleSignIn-iOS.git";
			requirement = {
				kind = upToNextMajorVersion;
				minimumVersion = 8.0.0;
			};
		};
/* End XCRemoteSwiftPackageReference section */

/* Begin XCSwiftPackageProductDependency section */
		B58B34222D2B206B00ADB39C /* FirebaseAnalytics */ = {
			isa = XCSwiftPackageProductDependency;
			package = B58B34212D2B206B00ADB39C /* XCRemoteSwiftPackageReference "firebase-ios-sdk" */;
			productName = FirebaseAnalytics;
		};
		B58B34252D2B237D00ADB39C /* FirebaseAuth */ = {
			isa = XCSwiftPackageProductDependency;
			package = B58B34212D2B206B00ADB39C /* XCRemoteSwiftPackageReference "firebase-ios-sdk" */;
			productName = FirebaseAuth;
		};
		B58B34332D2D052500ADB39C /* GoogleSignIn */ = {
			isa = XCSwiftPackageProductDependency;
			package = B58B34322D2D052500ADB39C /* XCRemoteSwiftPackageReference "GoogleSignIn-iOS" */;
			productName = GoogleSignIn;
		};
		B58B34352D2D052500ADB39C /* GoogleSignInSwift */ = {
			isa = XCSwiftPackageProductDependency;
			package = B58B34322D2D052500ADB39C /* XCRemoteSwiftPackageReference "GoogleSignIn-iOS" */;
			productName = GoogleSignInSwift;
		};
		B58B34422D314DEB00ADB39C /* FirebaseFirestore */ = {
			isa = XCSwiftPackageProductDependency;
			package = B58B34212D2B206B00ADB39C /* XCRemoteSwiftPackageReference "firebase-ios-sdk" */;
			productName = FirebaseFirestore;
		};
		B5B6A6F42D38DED700B6ABC5 /* FirebaseCrashlytics */ = {
			isa = XCSwiftPackageProductDependency;
			package = B58B34212D2B206B00ADB39C /* XCRemoteSwiftPackageReference "firebase-ios-sdk" */;
			productName = FirebaseCrashlytics;
		};
		B5B6A6FA2D3A79F200B6ABC5 /* FirebasePerformance */ = {
			isa = XCSwiftPackageProductDependency;
			package = B58B34212D2B206B00ADB39C /* XCRemoteSwiftPackageReference "firebase-ios-sdk" */;
			productName = FirebasePerformance;
		};
/* End XCSwiftPackageProductDependency section */
	};
	rootObject = B58B34062D2B1CA800ADB39C /* Project object */;
}
